
Microsoft Visual Studio Solution File, Format Version 12.00
# Visual Studio Version 17
VisualStudioVersion = 17.0.32014.148
MinimumVisualStudioVersion = 10.0.40219.1
Project("{FAE04EC0-301F-11D3-BF4B-00C04F79EFBC}") = "GameLobbySignalRTemplate.Server", "GameLobbySignalRTemplate\Server\GameLobbySignalRTemplate.Server.csproj", "{76CA45BB-0637-4144-A5A1-FAA84A659ECD}"
EndProject
Project("{FAE04EC0-301F-11D3-BF4B-00C04F79EFBC}") = "GameLobbySignalRTemplate.Client", "GameLobbySignalRTemplate\Client\GameLobbySignalRTemplate.Client.csproj", "{D81804C8-6C4A-45A4-8CED-036150F7F33D}"
EndProject
Project("{FAE04EC0-301F-11D3-BF4B-00C04F79EFBC}") = "GameLobbySignalRTemplate.Shared", "GameLobbySignalRTemplate\Shared\GameLobbySignalRTemplate.Shared.csproj", "{662C4B8F-AE1D-4429-A10D-3C6F63054D7F}"
EndProject
Global
	GlobalSection(SolutionConfigurationPlatforms) = preSolution
		Debug|Any CPU = Debug|Any CPU
		Release|Any CPU = Release|Any CPU
	EndGlobalSection
	GlobalSection(ProjectConfigurationPlatforms) = postSolution
		{76CA45BB-0637-4144-A5A1-FAA84A659ECD}.Debug|Any CPU.ActiveCfg = Debug|Any CPU
		{76CA45BB-0637-4144-A5A1-FAA84A659ECD}.Debug|Any CPU.Build.0 = Debug|Any CPU
		{76CA45BB-0637-4144-A5A1-FAA84A659ECD}.Release|Any CPU.ActiveCfg = Release|Any CPU
		{76CA45BB-0637-4144-A5A1-FAA84A659ECD}.Release|Any CPU.Build.0 = Release|Any CPU
		{D81804C8-6C4A-45A4-8CED-036150F7F33D}.Debug|Any CPU.ActiveCfg = Debug|Any CPU
		{D81804C8-6C4A-45A4-8CED-036150F7F33D}.Debug|Any CPU.Build.0 = Debug|Any CPU
		{D81804C8-6C4A-45A4-8CED-036150F7F33D}.Release|Any CPU.ActiveCfg = Release|Any CPU
		{D81804C8-6C4A-45A4-8CED-036150F7F33D}.Release|Any CPU.Build.0 = Release|Any CPU
		{662C4B8F-AE1D-4429-A10D-3C6F63054D7F}.Debug|Any CPU.ActiveCfg = Debug|Any CPU
		{662C4B8F-AE1D-4429-A10D-3C6F63054D7F}.Debug|Any CPU.Build.0 = Debug|Any CPU
		{662C4B8F-AE1D-4429-A10D-3C6F63054D7F}.Release|Any CPU.ActiveCfg = Release|Any CPU
		{662C4B8F-AE1D-4429-A10D-3C6F63054D7F}.Release|Any CPU.Build.0 = Release|Any CPU
	EndGlobalSection
	GlobalSection(SolutionProperties) = preSolution
		HideSolutionNode = FALSE
	EndGlobalSection
	GlobalSection(ExtensibilityGlobals) = postSolution
		SolutionGuid = {E064C450-DF48-4217-8CCF-40B92021D454}
	EndGlobalSection
EndGlobal
